
Microsoft Visual Studio Solution File, Format Version 12.00
# Visual Studio 15
VisualStudioVersion = 15.0.26430.14
MinimumVisualStudioVersion = 10.0.40219.1
Project("{FAE04EC0-301F-11D3-BF4B-00C04F79EFBC}") = "Xebia.RetailStore", "Xebia.RetailStore\Xebia.RetailStore.csproj", "{0E52E3C6-F53B-497D-A399-A0D89E498709}"
EndProject
Project("{FAE04EC0-301F-11D3-BF4B-00C04F79EFBC}") = "Xebia.RetailStore.Tests", "Xebia.RetailStore.Tests\Xebia.RetailStore.Tests.csproj", "{FE4C093F-5185-4593-8073-9ED36ADBA6EC}"
EndProject
Project("{FAE04EC0-301F-11D3-BF4B-00C04F79EFBC}") = "Xebia.OnlineStore.Core", "Xebia.OnlineStore.Core\Xebia.OnlineStore.Core.csproj", "{A89ECD27-74EB-49C6-BB41-FE07BD6CC3DC}"
EndProject
Project("{FAE04EC0-301F-11D3-BF4B-00C04F79EFBC}") = "Xebia.OnlineStore", "Xebia.OnlineStore\Xebia.OnlineStore.csproj", "{35F2349F-0964-4482-9FAF-2EF4C23206CA}"
EndProject
Global
	GlobalSection(SolutionConfigurationPlatforms) = preSolution
		Debug|Any CPU = Debug|Any CPU
		Release|Any CPU = Release|Any CPU
	EndGlobalSection
	GlobalSection(ProjectConfigurationPlatforms) = postSolution
		{0E52E3C6-F53B-497D-A399-A0D89E498709}.Debug|Any CPU.ActiveCfg = Debug|Any CPU
		{0E52E3C6-F53B-497D-A399-A0D89E498709}.Debug|Any CPU.Build.0 = Debug|Any CPU
		{0E52E3C6-F53B-497D-A399-A0D89E498709}.Release|Any CPU.ActiveCfg = Release|Any CPU
		{0E52E3C6-F53B-497D-A399-A0D89E498709}.Release|Any CPU.Build.0 = Release|Any CPU
		{FE4C093F-5185-4593-8073-9ED36ADBA6EC}.Debug|Any CPU.ActiveCfg = Debug|Any CPU
		{FE4C093F-5185-4593-8073-9ED36ADBA6EC}.Debug|Any CPU.Build.0 = Debug|Any CPU
		{FE4C093F-5185-4593-8073-9ED36ADBA6EC}.Release|Any CPU.ActiveCfg = Release|Any CPU
		{FE4C093F-5185-4593-8073-9ED36ADBA6EC}.Release|Any CPU.Build.0 = Release|Any CPU
		{A89ECD27-74EB-49C6-BB41-FE07BD6CC3DC}.Debug|Any CPU.ActiveCfg = Debug|Any CPU
		{A89ECD27-74EB-49C6-BB41-FE07BD6CC3DC}.Debug|Any CPU.Build.0 = Debug|Any CPU
		{A89ECD27-74EB-49C6-BB41-FE07BD6CC3DC}.Release|Any CPU.ActiveCfg = Release|Any CPU
		{A89ECD27-74EB-49C6-BB41-FE07BD6CC3DC}.Release|Any CPU.Build.0 = Release|Any CPU
		{35F2349F-0964-4482-9FAF-2EF4C23206CA}.Debug|Any CPU.ActiveCfg = Debug|Any CPU
		{35F2349F-0964-4482-9FAF-2EF4C23206CA}.Debug|Any CPU.Build.0 = Debug|Any CPU
		{35F2349F-0964-4482-9FAF-2EF4C23206CA}.Release|Any CPU.ActiveCfg = Release|Any CPU
		{35F2349F-0964-4482-9FAF-2EF4C23206CA}.Release|Any CPU.Build.0 = Release|Any CPU
	EndGlobalSection
	GlobalSection(SolutionProperties) = preSolution
		HideSolutionNode = FALSE
	EndGlobalSection
EndGlobal
